// !$*UTF8*$!
{
	archiveVersion = 1;
	classes = {
	};
	objectVersion = 46;
	objects = {

/* Begin PBXBuildFile section */
		3E7A23D01AC0B75800F160E0 /* main.m in Sources */ = {isa = PBXBuildFile; fileRef = 3E7A23CF1AC0B75800F160E0 /* main.m */; };
		3E7A23D31AC0B75800F160E0 /* AppDelegate.m in Sources */ = {isa = PBXBuildFile; fileRef = 3E7A23D21AC0B75800F160E0 /* AppDelegate.m */; };
		3E7A23D61AC0B75800F160E0 /* RootViewController.m in Sources */ = {isa = PBXBuildFile; fileRef = 3E7A23D51AC0B75800F160E0 /* RootViewController.m */; };
		3E7A23D91AC0B75800F160E0 /* Main.storyboard in Resources */ = {isa = PBXBuildFile; fileRef = 3E7A23D71AC0B75800F160E0 /* Main.storyboard */; };
		3E7A23DB1AC0B75800F160E0 /* Images.xcassets in Resources */ = {isa = PBXBuildFile; fileRef = 3E7A23DA1AC0B75800F160E0 /* Images.xcassets */; };
		3E7A23DE1AC0B75800F160E0 /* LaunchScreen.xib in Resources */ = {isa = PBXBuildFile; fileRef = 3E7A23DC1AC0B75800F160E0 /* LaunchScreen.xib */; };
		3E7A23EA1AC0B75800F160E0 /* MeetMeUpTests.m in Sources */ = {isa = PBXBuildFile; fileRef = 3E7A23E91AC0B75800F160E0 /* MeetMeUpTests.m */; };
		3E7A23F51AC0D06000F160E0 /* DetailViewController.m in Sources */ = {isa = PBXBuildFile; fileRef = 3E7A23F41AC0D06000F160E0 /* DetailViewController.m */; };
		3E7A23F81AC0F48100F160E0 /* WebViewController.m in Sources */ = {isa = PBXBuildFile; fileRef = 3E7A23F71AC0F48100F160E0 /* WebViewController.m */; };
		3E7A23FB1AC10CD400F160E0 /* CommentViewController.m in Sources */ = {isa = PBXBuildFile; fileRef = 3E7A23FA1AC10CD400F160E0 /* CommentViewController.m */; };
/* End PBXBuildFile section */

/* Begin PBXContainerItemProxy section */
		3E7A23E41AC0B75800F160E0 /* PBXContainerItemProxy */ = {
			isa = PBXContainerItemProxy;
			containerPortal = 3E7A23C21AC0B75800F160E0 /* Project object */;
			proxyType = 1;
			remoteGlobalIDString = 3E7A23C91AC0B75800F160E0;
			remoteInfo = MeetMeUp;
		};
/* End PBXContainerItemProxy section */

/* Begin PBXFileReference section */
		3E7A23CA1AC0B75800F160E0 /* MeetMeUp.app */ = {isa = PBXFileReference; explicitFileType = wrapper.application; includeInIndex = 0; path = MeetMeUp.app; sourceTree = BUILT_PRODUCTS_DIR; };
		3E7A23CE1AC0B75800F160E0 /* Info.plist */ = {isa = PBXFileReference; lastKnownFileType = text.plist.xml; path = Info.plist; sourceTree = "<group>"; };
		3E7A23CF1AC0B75800F160E0 /* main.m */ = {isa = PBXFileReference; lastKnownFileType = sourcecode.c.objc; path = main.m; sourceTree = "<group>"; };
		3E7A23D11AC0B75800F160E0 /* AppDelegate.h */ = {isa = PBXFileReference; lastKnownFileType = sourcecode.c.h; path = AppDelegate.h; sourceTree = "<group>"; };
		3E7A23D21AC0B75800F160E0 /* AppDelegate.m */ = {isa = PBXFileReference; lastKnownFileType = sourcecode.c.objc; path = AppDelegate.m; sourceTree = "<group>"; };
		3E7A23D41AC0B75800F160E0 /* RootViewController.h */ = {isa = PBXFileReference; lastKnownFileType = sourcecode.c.h; path = RootViewController.h; sourceTree = "<group>"; };
		3E7A23D51AC0B75800F160E0 /* RootViewController.m */ = {isa = PBXFileReference; lastKnownFileType = sourcecode.c.objc; path = RootViewController.m; sourceTree = "<group>"; };
		3E7A23D81AC0B75800F160E0 /* Base */ = {isa = PBXFileReference; lastKnownFileType = file.storyboard; name = Base; path = Base.lproj/Main.storyboard; sourceTree = "<group>"; };
		3E7A23DA1AC0B75800F160E0 /* Images.xcassets */ = {isa = PBXFileReference; lastKnownFileType = folder.assetcatalog; path = Images.xcassets; sourceTree = "<group>"; };
		3E7A23DD1AC0B75800F160E0 /* Base */ = {isa = PBXFileReference; lastKnownFileType = file.xib; name = Base; path = Base.lproj/LaunchScreen.xib; sourceTree = "<group>"; };
		3E7A23E31AC0B75800F160E0 /* MeetMeUpTests.xctest */ = {isa = PBXFileReference; explicitFileType = wrapper.cfbundle; includeInIndex = 0; path = MeetMeUpTests.xctest; sourceTree = BUILT_PRODUCTS_DIR; };
		3E7A23E81AC0B75800F160E0 /* Info.plist */ = {isa = PBXFileReference; lastKnownFileType = text.plist.xml; path = Info.plist; sourceTree = "<group>"; };
		3E7A23E91AC0B75800F160E0 /* MeetMeUpTests.m */ = {isa = PBXFileReference; lastKnownFileType = sourcecode.c.objc; path = MeetMeUpTests.m; sourceTree = "<group>"; };
		3E7A23F31AC0D06000F160E0 /* DetailViewController.h */ = {isa = PBXFileReference; fileEncoding = 4; lastKnownFileType = sourcecode.c.h; path = DetailViewController.h; sourceTree = "<group>"; };
		3E7A23F41AC0D06000F160E0 /* DetailViewController.m */ = {isa = PBXFileReference; fileEncoding = 4; lastKnownFileType = sourcecode.c.objc; path = DetailViewController.m; sourceTree = "<group>"; };
		3E7A23F61AC0F48100F160E0 /* WebViewController.h */ = {isa = PBXFileReference; fileEncoding = 4; lastKnownFileType = sourcecode.c.h; path = WebViewController.h; sourceTree = "<group>"; };
		3E7A23F71AC0F48100F160E0 /* WebViewController.m */ = {isa = PBXFileReference; fileEncoding = 4; lastKnownFileType = sourcecode.c.objc; path = WebViewController.m; sourceTree = "<group>"; };
		3E7A23F91AC10CD400F160E0 /* CommentViewController.h */ = {isa = PBXFileReference; fileEncoding = 4; lastKnownFileType = sourcecode.c.h; path = CommentViewController.h; sourceTree = "<group>"; };
		3E7A23FA1AC10CD400F160E0 /* CommentViewController.m */ = {isa = PBXFileReference; fileEncoding = 4; lastKnownFileType = sourcecode.c.objc; path = CommentViewController.m; sourceTree = "<group>"; };
/* End PBXFileReference section */

/* Begin PBXFrameworksBuildPhase section */
		3E7A23C71AC0B75800F160E0 /* Frameworks */ = {
			isa = PBXFrameworksBuildPhase;
			buildActionMask = 2147483647;
			files = (
			);
			runOnlyForDeploymentPostprocessing = 0;
		};
		3E7A23E01AC0B75800F160E0 /* Frameworks */ = {
			isa = PBXFrameworksBuildPhase;
			buildActionMask = 2147483647;
			files = (
			);
			runOnlyForDeploymentPostprocessing = 0;
		};
/* End PBXFrameworksBuildPhase section */

/* Begin PBXGroup section */
		3E7A23C11AC0B75800F160E0 = {
			isa = PBXGroup;
			children = (
				3E7A23CC1AC0B75800F160E0 /* MeetMeUp */,
				3E7A23E61AC0B75800F160E0 /* MeetMeUpTests */,
				3E7A23CB1AC0B75800F160E0 /* Products */,
			);
			sourceTree = "<group>";
		};
		3E7A23CB1AC0B75800F160E0 /* Products */ = {
			isa = PBXGroup;
			children = (
				3E7A23CA1AC0B75800F160E0 /* MeetMeUp.app */,
				3E7A23E31AC0B75800F160E0 /* MeetMeUpTests.xctest */,
			);
			name = Products;
			sourceTree = "<group>";
		};
		3E7A23CC1AC0B75800F160E0 /* MeetMeUp */ = {
			isa = PBXGroup;
			children = (
				3E7A23D11AC0B75800F160E0 /* AppDelegate.h */,
				3E7A23D21AC0B75800F160E0 /* AppDelegate.m */,
				3E7A23D41AC0B75800F160E0 /* RootViewController.h */,
				3E7A23D51AC0B75800F160E0 /* RootViewController.m */,
				3E7A23F31AC0D06000F160E0 /* DetailViewController.h */,
				3E7A23F41AC0D06000F160E0 /* DetailViewController.m */,
				3E7A23F61AC0F48100F160E0 /* WebViewController.h */,
				3E7A23F71AC0F48100F160E0 /* WebViewController.m */,
				3E7A23F91AC10CD400F160E0 /* CommentViewController.h */,
				3E7A23FA1AC10CD400F160E0 /* CommentViewController.m */,
				3E7A23D71AC0B75800F160E0 /* Main.storyboard */,
				3E7A23DA1AC0B75800F160E0 /* Images.xcassets */,
				3E7A23DC1AC0B75800F160E0 /* LaunchScreen.xib */,
				3E7A23CD1AC0B75800F160E0 /* Supporting Files */,
			);
			path = MeetMeUp;
			sourceTree = "<group>";
		};
		3E7A23CD1AC0B75800F160E0 /* Supporting Files */ = {
			isa = PBXGroup;
			children = (
				3E7A23CE1AC0B75800F160E0 /* Info.plist */,
				3E7A23CF1AC0B75800F160E0 /* main.m */,
			);
			name = "Supporting Files";
			sourceTree = "<group>";
		};
		3E7A23E61AC0B75800F160E0 /* MeetMeUpTests */ = {
			isa = PBXGroup;
			children = (
				3E7A23E91AC0B75800F160E0 /* MeetMeUpTests.m */,
				3E7A23E71AC0B75800F160E0 /* Supporting Files */,
			);
			path = MeetMeUpTests;
			sourceTree = "<group>";
		};
		3E7A23E71AC0B75800F160E0 /* Supporting Files */ = {
			isa = PBXGroup;
			children = (
				3E7A23E81AC0B75800F160E0 /* Info.plist */,
			);
			name = "Supporting Files";
			sourceTree = "<group>";
		};
/* End PBXGroup section */

/* Begin PBXNativeTarget section */
		3E7A23C91AC0B75800F160E0 /* MeetMeUp */ = {
			isa = PBXNativeTarget;
			buildConfigurationList = 3E7A23ED1AC0B75800F160E0 /* Build configuration list for PBXNativeTarget "MeetMeUp" */;
			buildPhases = (
				3E7A23C61AC0B75800F160E0 /* Sources */,
				3E7A23C71AC0B75800F160E0 /* Frameworks */,
				3E7A23C81AC0B75800F160E0 /* Resources */,
			);
			buildRules = (
			);
			dependencies = (
			);
			name = MeetMeUp;
			productName = MeetMeUp;
			productReference = 3E7A23CA1AC0B75800F160E0 /* MeetMeUp.app */;
			productType = "com.apple.product-type.application";
		};
		3E7A23E21AC0B75800F160E0 /* MeetMeUpTests */ = {
			isa = PBXNativeTarget;
			buildConfigurationList = 3E7A23F01AC0B75800F160E0 /* Build configuration list for PBXNativeTarget "MeetMeUpTests" */;
			buildPhases = (
				3E7A23DF1AC0B75800F160E0 /* Sources */,
				3E7A23E01AC0B75800F160E0 /* Frameworks */,
				3E7A23E11AC0B75800F160E0 /* Resources */,
			);
			buildRules = (
			);
			dependencies = (
				3E7A23E51AC0B75800F160E0 /* PBXTargetDependency */,
			);
			name = MeetMeUpTests;
			productName = MeetMeUpTests;
			productReference = 3E7A23E31AC0B75800F160E0 /* MeetMeUpTests.xctest */;
			productType = "com.apple.product-type.bundle.unit-test";
		};
/* End PBXNativeTarget section */

/* Begin PBXProject section */
		3E7A23C21AC0B75800F160E0 /* Project object */ = {
			isa = PBXProject;
			attributes = {
				LastUpgradeCheck = 0620;
				ORGANIZATIONNAME = MobileMakers;
				TargetAttributes = {
					3E7A23C91AC0B75800F160E0 = {
						CreatedOnToolsVersion = 6.2;
					};
					3E7A23E21AC0B75800F160E0 = {
						CreatedOnToolsVersion = 6.2;
						TestTargetID = 3E7A23C91AC0B75800F160E0;
					};
				};
			};
			buildConfigurationList = 3E7A23C51AC0B75800F160E0 /* Build configuration list for PBXProject "MeetMeUp" */;
			compatibilityVersion = "Xcode 3.2";
			developmentRegion = English;
			hasScannedForEncodings = 0;
			knownRegions = (
				en,
				Base,
			);
			mainGroup = 3E7A23C11AC0B75800F160E0;
			productRefGroup = 3E7A23CB1AC0B75800F160E0 /* Products */;
			projectDirPath = "";
			projectRoot = "";
			targets = (
				3E7A23C91AC0B75800F160E0 /* MeetMeUp */,
				3E7A23E21AC0B75800F160E0 /* MeetMeUpTests */,
			);
		};
/* End PBXProject section */

/* Begin PBXResourcesBuildPhase section */
		3E7A23C81AC0B75800F160E0 /* Resources */ = {
			isa = PBXResourcesBuildPhase;
			buildActionMask = 2147483647;
			files = (
				3E7A23D91AC0B75800F160E0 /* Main.storyboard in Resources */,
				3E7A23DE1AC0B75800F160E0 /* LaunchScreen.xib in Resources */,
				3E7A23DB1AC0B75800F160E0 /* Images.xcassets in Resources */,
			);
			runOnlyForDeploymentPostprocessing = 0;
		};
		3E7A23E11AC0B75800F160E0 /* Resources */ = {
			isa = PBXResourcesBuildPhase;
			buildActionMask = 2147483647;
			files = (
			);
			runOnlyForDeploymentPostprocessing = 0;
		};
/* End PBXResourcesBuildPhase section */

/* Begin PBXSourcesBuildPhase section */
		3E7A23C61AC0B75800F160E0 /* Sources */ = {
			isa = PBXSourcesBuildPhase;
			buildActionMask = 2147483647;
			files = (
				3E7A23FB1AC10CD400F160E0 /* CommentViewController.m in Sources */,
				3E7A23D61AC0B75800F160E0 /* RootViewController.m in Sources */,
				3E7A23F81AC0F48100F160E0 /* WebViewController.m in Sources */,
				3E7A23D31AC0B75800F160E0 /* AppDelegate.m in Sources */,
				3E7A23D01AC0B75800F160E0 /* main.m in Sources */,
				3E7A23F51AC0D06000F160E0 /* DetailViewController.m in Sources */,
			);
			runOnlyForDeploymentPostprocessing = 0;
		};
		3E7A23DF1AC0B75800F160E0 /* Sources */ = {
			isa = PBXSourcesBuildPhase;
			buildActionMask = 2147483647;
			files = (
				3E7A23EA1AC0B75800F160E0 /* MeetMeUpTests.m in Sources */,
			);
			runOnlyForDeploymentPostprocessing = 0;
		};
/* End PBXSourcesBuildPhase section */

/* Begin PBXTargetDependency section */
		3E7A23E51AC0B75800F160E0 /* PBXTargetDependency */ = {
			isa = PBXTargetDependency;
			target = 3E7A23C91AC0B75800F160E0 /* MeetMeUp */;
			targetProxy = 3E7A23E41AC0B75800F160E0 /* PBXContainerItemProxy */;
		};
/* End PBXTargetDependency section */

/* Begin PBXVariantGroup section */
		3E7A23D71AC0B75800F160E0 /* Main.storyboard */ = {
			isa = PBXVariantGroup;
			children = (
				3E7A23D81AC0B75800F160E0 /* Base */,
			);
			name = Main.storyboard;
			sourceTree = "<group>";
		};
		3E7A23DC1AC0B75800F160E0 /* LaunchScreen.xib */ = {
			isa = PBXVariantGroup;
			children = (
				3E7A23DD1AC0B75800F160E0 /* Base */,
			);
			name = LaunchScreen.xib;
			sourceTree = "<group>";
		};
/* End PBXVariantGroup section */

/* Begin XCBuildConfiguration section */
		3E7A23EB1AC0B75800F160E0 /* Debug */ = {
			isa = XCBuildConfiguration;
			buildSettings = {
				ALWAYS_SEARCH_USER_PATHS = NO;
				CLANG_CXX_LANGUAGE_STANDARD = "gnu++0x";
				CLANG_CXX_LIBRARY = "libc++";
				CLANG_ENABLE_MODULES = YES;
				CLANG_ENABLE_OBJC_ARC = YES;
				CLANG_WARN_BOOL_CONVERSION = YES;
				CLANG_WARN_CONSTANT_CONVERSION = YES;
				CLANG_WARN_DIRECT_OBJC_ISA_USAGE = YES_ERROR;
				CLANG_WARN_EMPTY_BODY = YES;
				CLANG_WARN_ENUM_CONVERSION = YES;
				CLANG_WARN_INT_CONVERSION = YES;
				CLANG_WARN_OBJC_ROOT_CLASS = YES_ERROR;
				CLANG_WARN_UNREACHABLE_CODE = YES;
				CLANG_WARN__DUPLICATE_METHOD_MATCH = YES;
				"CODE_SIGN_IDENTITY[sdk=iphoneos*]" = "iPhone Developer";
				COPY_PHASE_STRIP = NO;
				ENABLE_STRICT_OBJC_MSGSEND = YES;
				GCC_C_LANGUAGE_STANDARD = gnu99;
				GCC_DYNAMIC_NO_PIC = NO;
				GCC_OPTIMIZATION_LEVEL = 0;
				GCC_PREPROCESSOR_DEFINITIONS = (
					"DEBUG=1",
					"$(inherited)",
				);
				GCC_SYMBOLS_PRIVATE_EXTERN = NO;
				GCC_WARN_64_TO_32_BIT_CONVERSION = YES;
				GCC_WARN_ABOUT_RETURN_TYPE = YES_ERROR;
				GCC_WARN_UNDECLARED_SELECTOR = YES;
				GCC_WARN_UNINITIALIZED_AUTOS = YES_AGGRESSIVE;
				GCC_WARN_UNUSED_FUNCTION = YES;
				GCC_WARN_UNUSED_VARIABLE = YES;
				IPHONEOS_DEPLOYMENT_TARGET = 8.2;
				MTL_ENABLE_DEBUG_INFO = YES;
				ONLY_ACTIVE_ARCH = YES;
				SDKROOT = iphoneos;
				TARGETED_DEVICE_FAMILY = "1,2";
			};
			name = Debug;
		};
		3E7A23EC1AC0B75800F160E0 /* Release */ = {
			isa = XCBuildConfiguration;
			buildSettings = {
				ALWAYS_SEARCH_USER_PATHS = NO;
				CLANG_CXX_LANGUAGE_STANDARD = "gnu++0x";
				CLANG_CXX_LIBRARY = "libc++";
				CLANG_ENABLE_MODULES = YES;
				CLANG_ENABLE_OBJC_ARC = YES;
				CLANG_WARN_BOOL_CONVERSION = YES;
				CLANG_WARN_CONSTANT_CONVERSION = YES;
				CLANG_WARN_DIRECT_OBJC_ISA_USAGE = YES_ERROR;
				CLANG_WARN_EMPTY_BODY = YES;
				CLANG_WARN_ENUM_CONVERSION = YES;
				CLANG_WARN_INT_CONVERSION = YES;
				CLANG_WARN_OBJC_ROOT_CLASS = YES_ERROR;
				CLANG_WARN_UNREACHABLE_CODE = YES;
				CLANG_WARN__DUPLICATE_METHOD_MATCH = YES;
				"CODE_SIGN_IDENTITY[sdk=iphoneos*]" = "iPhone Developer";
				COPY_PHASE_STRIP = NO;
				ENABLE_NS_ASSERTIONS = NO;
				ENABLE_STRICT_OBJC_MSGSEND = YES;
				GCC_C_LANGUAGE_STANDARD = gnu99;
				GCC_WARN_64_TO_32_BIT_CONVERSION = YES;
				GCC_WARN_ABOUT_RETURN_TYPE = YES_ERROR;
				GCC_WARN_UNDECLARED_SELECTOR = YES;
				GCC_WARN_UNINITIALIZED_AUTOS = YES_AGGRESSIVE;
				GCC_WARN_UNUSED_FUNCTION = YES;
				GCC_WARN_UNUSED_VARIABLE = YES;
				IPHONEOS_DEPLOYMENT_TARGET = 8.2;
				MTL_ENABLE_DEBUG_INFO = NO;
				SDKROOT = iphoneos;
				TARGETED_DEVICE_FAMILY = "1,2";
				VALIDATE_PRODUCT = YES;
			};
			name = Release;
		};
		3E7A23EE1AC0B75800F160E0 /* Debug */ = {
			isa = XCBuildConfiguration;
			buildSettings = {
				ASSETCATALOG_COMPILER_APPICON_NAME = AppIcon;
				INFOPLIST_FILE = MeetMeUp/Info.plist;
				LD_RUNPATH_SEARCH_PATHS = "$(inherited) @executable_path/Frameworks";
				PRODUCT_NAME = "$(TARGET_NAME)";
			};
			name = Debug;
		};
		3E7A23EF1AC0B75800F160E0 /* Release */ = {
			isa = XCBuildConfiguration;
			buildSettings = {
				ASSETCATALOG_COMPILER_APPICON_NAME = AppIcon;
				INFOPLIST_FILE = MeetMeUp/Info.plist;
				LD_RUNPATH_SEARCH_PATHS = "$(inherited) @executable_path/Frameworks";
				PRODUCT_NAME = "$(TARGET_NAME)";
			};
			name = Release;
		};
		3E7A23F11AC0B75800F160E0 /* Debug */ = {
			isa = XCBuildConfiguration;
			buildSettings = {
				BUNDLE_LOADER = "$(TEST_HOST)";
				FRAMEWORK_SEARCH_PATHS = (
					"$(SDKROOT)/Developer/Library/Frameworks",
					"$(inherited)",
				);
				GCC_PREPROCESSOR_DEFINITIONS = (
					"DEBUG=1",
					"$(inherited)",
				);
				INFOPLIST_FILE = MeetMeUpTests/Info.plist;
				LD_RUNPATH_SEARCH_PATHS = "$(inherited) @executable_path/Frameworks @loader_path/Frameworks";
				PRODUCT_NAME = "$(TARGET_NAME)";
				TEST_HOST = "$(BUILT_PRODUCTS_DIR)/MeetMeUp.app/MeetMeUp";
			};
			name = Debug;
		};
		3E7A23F21AC0B75800F160E0 /* Release */ = {
			isa = XCBuildConfiguration;
			buildSettings = {
				BUNDLE_LOADER = "$(TEST_HOST)";
				FRAMEWORK_SEARCH_PATHS = (
					"$(SDKROOT)/Developer/Library/Frameworks",
					"$(inherited)",
				);
				INFOPLIST_FILE = MeetMeUpTests/Info.plist;
				LD_RUNPATH_SEARCH_PATHS = "$(inherited) @executable_path/Frameworks @loader_path/Frameworks";
				PRODUCT_NAME = "$(TARGET_NAME)";
				TEST_HOST = "$(BUILT_PRODUCTS_DIR)/MeetMeUp.app/MeetMeUp";
			};
			name = Release;
		};
/* End XCBuildConfiguration section */

/* Begin XCConfigurationList section */
		3E7A23C51AC0B75800F160E0 /* Build configuration list for PBXProject "MeetMeUp" */ = {
			isa = XCConfigurationList;
			buildConfigurations = (
				3E7A23EB1AC0B75800F160E0 /* Debug */,
				3E7A23EC1AC0B75800F160E0 /* Release */,
			);
			defaultConfigurationIsVisible = 0;
			defaultConfigurationName = Release;
		};
		3E7A23ED1AC0B75800F160E0 /* Build configuration list for PBXNativeTarget "MeetMeUp" */ = {
			isa = XCConfigurationList;
			buildConfigurations = (
				3E7A23EE1AC0B75800F160E0 /* Debug */,
				3E7A23EF1AC0B75800F160E0 /* Release */,
			);
			defaultConfigurationIsVisible = 0;
			defaultConfigurationName = Release;
		};
		3E7A23F01AC0B75800F160E0 /* Build configuration list for PBXNativeTarget "MeetMeUpTests" */ = {
			isa = XCConfigurationList;
			buildConfigurations = (
				3E7A23F11AC0B75800F160E0 /* Debug */,
				3E7A23F21AC0B75800F160E0 /* Release */,
			);
			defaultConfigurationIsVisible = 0;
			defaultConfigurationName = Release;
		};
/* End XCConfigurationList section */
	};
	rootObject = 3E7A23C21AC0B75800F160E0 /* Project object */;
}
